
Microsoft Visual Studio Solution File, Format Version 12.00
# Visual Studio Version 16
VisualStudioVersion = 16.0.31129.286
MinimumVisualStudioVersion = 10.0.40219.1
Project("{FAE04EC0-301F-11D3-BF4B-00C04F79EFBC}") = "MagazinComponenteAuto", "MagazinComponenteAuto\MagazinComponenteAuto.csproj", "{440B7E71-AF83-412D-8CCD-025D4C81FBBC}"
EndProject
Global
	GlobalSection(SolutionConfigurationPlatforms) = preSolution
		Debug|Any CPU = Debug|Any CPU
		Release|Any CPU = Release|Any CPU
	EndGlobalSection
	GlobalSection(ProjectConfigurationPlatforms) = postSolution
		{440B7E71-AF83-412D-8CCD-025D4C81FBBC}.Debug|Any CPU.ActiveCfg = Debug|Any CPU
		{440B7E71-AF83-412D-8CCD-025D4C81FBBC}.Debug|Any CPU.Build.0 = Debug|Any CPU
		{440B7E71-AF83-412D-8CCD-025D4C81FBBC}.Release|Any CPU.ActiveCfg = Release|Any CPU
		{440B7E71-AF83-412D-8CCD-025D4C81FBBC}.Release|Any CPU.Build.0 = Release|Any CPU
	EndGlobalSection
	GlobalSection(SolutionProperties) = preSolution
		HideSolutionNode = FALSE
	EndGlobalSection
	GlobalSection(ExtensibilityGlobals) = postSolution
		SolutionGuid = {4B3A9F3A-0EAA-4701-89C7-313965293A19}
	EndGlobalSection
EndGlobal
